
Microsoft Visual Studio Solution File, Format Version 12.00
# Visual Studio 15
VisualStudioVersion = 15.0.28010.2036
MinimumVisualStudioVersion = 10.0.40219.1
Project("{FAE04EC0-301F-11D3-BF4B-00C04F79EFBC}") = "Manukonda_Assin2", "Manukonda_Assin2\Manukonda_Assin2.csproj", "{2A61ABEC-BCAC-4C64-A67A-6D8E5401F7C5}"
EndProject
Global
	GlobalSection(SolutionConfigurationPlatforms) = preSolution
		Debug|Any CPU = Debug|Any CPU
		Release|Any CPU = Release|Any CPU
	EndGlobalSection
	GlobalSection(ProjectConfigurationPlatforms) = postSolution
		{2A61ABEC-BCAC-4C64-A67A-6D8E5401F7C5}.Debug|Any CPU.ActiveCfg = Debug|Any CPU
		{2A61ABEC-BCAC-4C64-A67A-6D8E5401F7C5}.Debug|Any CPU.Build.0 = Debug|Any CPU
		{2A61ABEC-BCAC-4C64-A67A-6D8E5401F7C5}.Release|Any CPU.ActiveCfg = Release|Any CPU
		{2A61ABEC-BCAC-4C64-A67A-6D8E5401F7C5}.Release|Any CPU.Build.0 = Release|Any CPU
	EndGlobalSection
	GlobalSection(SolutionProperties) = preSolution
		HideSolutionNode = FALSE
	EndGlobalSection
	GlobalSection(ExtensibilityGlobals) = postSolution
		SolutionGuid = {A4E8822F-4F95-4BCD-BDD4-188EA186F4CC}
	EndGlobalSection
EndGlobal
