
Microsoft Visual Studio Solution File, Format Version 12.00
# Visual Studio 15
VisualStudioVersion = 15.0.28010.2048
MinimumVisualStudioVersion = 10.0.40219.1
Project("{FAE04EC0-301F-11D3-BF4B-00C04F79EFBC}") = "Manukonda_Assign4", "Manukonda_Assign4\Manukonda_Assign4.csproj", "{A89E4D55-46CF-4BC2-AC7E-9C518099904C}"
EndProject
Global
	GlobalSection(SolutionConfigurationPlatforms) = preSolution
		Debug|Any CPU = Debug|Any CPU
		Release|Any CPU = Release|Any CPU
	EndGlobalSection
	GlobalSection(ProjectConfigurationPlatforms) = postSolution
		{A89E4D55-46CF-4BC2-AC7E-9C518099904C}.Debug|Any CPU.ActiveCfg = Debug|Any CPU
		{A89E4D55-46CF-4BC2-AC7E-9C518099904C}.Debug|Any CPU.Build.0 = Debug|Any CPU
		{A89E4D55-46CF-4BC2-AC7E-9C518099904C}.Release|Any CPU.ActiveCfg = Release|Any CPU
		{A89E4D55-46CF-4BC2-AC7E-9C518099904C}.Release|Any CPU.Build.0 = Release|Any CPU
	EndGlobalSection
	GlobalSection(SolutionProperties) = preSolution
		HideSolutionNode = FALSE
	EndGlobalSection
	GlobalSection(ExtensibilityGlobals) = postSolution
		SolutionGuid = {0E867700-F170-419F-B5B9-56777EA1F64E}
	EndGlobalSection
EndGlobal
