
Microsoft Visual Studio Solution File, Format Version 12.00
# Visual Studio 15
VisualStudioVersion = 15.0.28010.2048
MinimumVisualStudioVersion = 10.0.40219.1
Project("{FAE04EC0-301F-11D3-BF4B-00C04F79EFBC}") = "Manukonda_Assignment4", "Manukonda_Assignment4\Manukonda_Assignment4.csproj", "{3C7B9125-A242-45D3-B2B4-C5231C328F03}"
EndProject
Global
	GlobalSection(SolutionConfigurationPlatforms) = preSolution
		Debug|Any CPU = Debug|Any CPU
		Release|Any CPU = Release|Any CPU
	EndGlobalSection
	GlobalSection(ProjectConfigurationPlatforms) = postSolution
		{3C7B9125-A242-45D3-B2B4-C5231C328F03}.Debug|Any CPU.ActiveCfg = Debug|Any CPU
		{3C7B9125-A242-45D3-B2B4-C5231C328F03}.Debug|Any CPU.Build.0 = Debug|Any CPU
		{3C7B9125-A242-45D3-B2B4-C5231C328F03}.Release|Any CPU.ActiveCfg = Release|Any CPU
		{3C7B9125-A242-45D3-B2B4-C5231C328F03}.Release|Any CPU.Build.0 = Release|Any CPU
	EndGlobalSection
	GlobalSection(SolutionProperties) = preSolution
		HideSolutionNode = FALSE
	EndGlobalSection
	GlobalSection(ExtensibilityGlobals) = postSolution
		SolutionGuid = {7619C5E9-43EA-43ED-8964-E9F3B7F3F023}
	EndGlobalSection
EndGlobal
