
Microsoft Visual Studio Solution File, Format Version 12.00
# Visual Studio 15
VisualStudioVersion = 15.0.28010.2048
MinimumVisualStudioVersion = 10.0.40219.1
Project("{FAE04EC0-301F-11D3-BF4B-00C04F79EFBC}") = "Charts", "Charts\Charts.csproj", "{DF73835D-2712-43DB-B260-B1177C726783}"
EndProject
Global
	GlobalSection(SolutionConfigurationPlatforms) = preSolution
		Debug|Any CPU = Debug|Any CPU
		Release|Any CPU = Release|Any CPU
	EndGlobalSection
	GlobalSection(ProjectConfigurationPlatforms) = postSolution
		{DF73835D-2712-43DB-B260-B1177C726783}.Debug|Any CPU.ActiveCfg = Debug|Any CPU
		{DF73835D-2712-43DB-B260-B1177C726783}.Debug|Any CPU.Build.0 = Debug|Any CPU
		{DF73835D-2712-43DB-B260-B1177C726783}.Release|Any CPU.ActiveCfg = Release|Any CPU
		{DF73835D-2712-43DB-B260-B1177C726783}.Release|Any CPU.Build.0 = Release|Any CPU
	EndGlobalSection
	GlobalSection(SolutionProperties) = preSolution
		HideSolutionNode = FALSE
	EndGlobalSection
	GlobalSection(ExtensibilityGlobals) = postSolution
		SolutionGuid = {5D407263-0B1C-4542-A8FB-E65D73469CC2}
	EndGlobalSection
EndGlobal
